
Microsoft Visual Studio Solution File, Format Version 12.00
# Visual Studio Version 16
VisualStudioVersion = 16.0.30204.135
MinimumVisualStudioVersion = 10.0.40219.1
Project("{FAE04EC0-301F-11D3-BF4B-00C04F79EFBC}") = "Examen Juan Roncagliolo", "Examen Juan Roncagliolo\Examen Juan Roncagliolo.csproj", "{D8C0D3BA-D522-4BFA-9FA1-D34CEF76207C}"
EndProject
Global
	GlobalSection(SolutionConfigurationPlatforms) = preSolution
		Debug|Any CPU = Debug|Any CPU
		Release|Any CPU = Release|Any CPU
	EndGlobalSection
	GlobalSection(ProjectConfigurationPlatforms) = postSolution
		{D8C0D3BA-D522-4BFA-9FA1-D34CEF76207C}.Debug|Any CPU.ActiveCfg = Debug|Any CPU
		{D8C0D3BA-D522-4BFA-9FA1-D34CEF76207C}.Debug|Any CPU.Build.0 = Debug|Any CPU
		{D8C0D3BA-D522-4BFA-9FA1-D34CEF76207C}.Release|Any CPU.ActiveCfg = Release|Any CPU
		{D8C0D3BA-D522-4BFA-9FA1-D34CEF76207C}.Release|Any CPU.Build.0 = Release|Any CPU
	EndGlobalSection
	GlobalSection(SolutionProperties) = preSolution
		HideSolutionNode = FALSE
	EndGlobalSection
	GlobalSection(ExtensibilityGlobals) = postSolution
		SolutionGuid = {0D3D3857-E79D-48D7-82B9-E1C3CF7D9988}
	EndGlobalSection
EndGlobal
